
Microsoft Visual Studio Solution File, Format Version 12.00
# Visual Studio Version 17
VisualStudioVersion = 17.3.32929.385
MinimumVisualStudioVersion = 10.0.40219.1
Project("{9A19103F-16F7-4668-BE54-9A1E7A4F7556}") = "IntoAdoNet", "IntoAdoNet\IntoAdoNet.csproj", "{7B92EA52-31C7-4B62-AA05-0305AE418889}"
EndProject
Project("{9A19103F-16F7-4668-BE54-9A1E7A4F7556}") = "02_Connected_Mode", "02_Connected_Mode\02_Connected_Mode.csproj", "{6CD44775-4074-4376-9EAF-451C5B530A32}"
EndProject
Project("{9A19103F-16F7-4668-BE54-9A1E7A4F7556}") = "03_wpf_client", "03_wpf_client\03_wpf_client.csproj", "{ED2A6D52-4652-4BB2-9BD5-5E9AB76B6AA0}"
EndProject
Project("{9A19103F-16F7-4668-BE54-9A1E7A4F7556}") = "04_data_access", "04_data_access\04_data_access.csproj", "{FC6F7A30-FD7F-4F2B-85B1-126C366461D9}"
EndProject
Project("{9A19103F-16F7-4668-BE54-9A1E7A4F7556}") = "05_DisconnectedMode", "05_DisconnectedMode\05_DisconnectedMode.csproj", "{8DF3A510-B03C-4D94-A94A-0DF2B6FE95D0}"
EndProject
Project("{FAE04EC0-301F-11D3-BF4B-00C04F79EFBC}") = "06_LinqToSql", "06_LinqToSql\06_LinqToSql.csproj", "{D9EF2FDE-7A06-4102-A3A2-BDCD088EED88}"
EndProject
Project("{FAE04EC0-301F-11D3-BF4B-00C04F79EFBC}") = "07_IntroToEntityFramework", "07_IntroToEntityFramework\07_IntroToEntityFramework.csproj", "{0505B591-CBFA-4782-819D-172D011488A9}"
EndProject
Global
	GlobalSection(SolutionConfigurationPlatforms) = preSolution
		Debug|Any CPU = Debug|Any CPU
		Release|Any CPU = Release|Any CPU
	EndGlobalSection
	GlobalSection(ProjectConfigurationPlatforms) = postSolution
		{7B92EA52-31C7-4B62-AA05-0305AE418889}.Debug|Any CPU.ActiveCfg = Debug|Any CPU
		{7B92EA52-31C7-4B62-AA05-0305AE418889}.Debug|Any CPU.Build.0 = Debug|Any CPU
		{7B92EA52-31C7-4B62-AA05-0305AE418889}.Release|Any CPU.ActiveCfg = Release|Any CPU
		{7B92EA52-31C7-4B62-AA05-0305AE418889}.Release|Any CPU.Build.0 = Release|Any CPU
		{6CD44775-4074-4376-9EAF-451C5B530A32}.Debug|Any CPU.ActiveCfg = Debug|Any CPU
		{6CD44775-4074-4376-9EAF-451C5B530A32}.Debug|Any CPU.Build.0 = Debug|Any CPU
		{6CD44775-4074-4376-9EAF-451C5B530A32}.Release|Any CPU.ActiveCfg = Release|Any CPU
		{6CD44775-4074-4376-9EAF-451C5B530A32}.Release|Any CPU.Build.0 = Release|Any CPU
		{ED2A6D52-4652-4BB2-9BD5-5E9AB76B6AA0}.Debug|Any CPU.ActiveCfg = Debug|Any CPU
		{ED2A6D52-4652-4BB2-9BD5-5E9AB76B6AA0}.Debug|Any CPU.Build.0 = Debug|Any CPU
		{ED2A6D52-4652-4BB2-9BD5-5E9AB76B6AA0}.Release|Any CPU.ActiveCfg = Release|Any CPU
		{ED2A6D52-4652-4BB2-9BD5-5E9AB76B6AA0}.Release|Any CPU.Build.0 = Release|Any CPU
		{FC6F7A30-FD7F-4F2B-85B1-126C366461D9}.Debug|Any CPU.ActiveCfg = Debug|Any CPU
		{FC6F7A30-FD7F-4F2B-85B1-126C366461D9}.Debug|Any CPU.Build.0 = Debug|Any CPU
		{FC6F7A30-FD7F-4F2B-85B1-126C366461D9}.Release|Any CPU.ActiveCfg = Release|Any CPU
		{FC6F7A30-FD7F-4F2B-85B1-126C366461D9}.Release|Any CPU.Build.0 = Release|Any CPU
		{8DF3A510-B03C-4D94-A94A-0DF2B6FE95D0}.Debug|Any CPU.ActiveCfg = Debug|Any CPU
		{8DF3A510-B03C-4D94-A94A-0DF2B6FE95D0}.Debug|Any CPU.Build.0 = Debug|Any CPU
		{8DF3A510-B03C-4D94-A94A-0DF2B6FE95D0}.Release|Any CPU.ActiveCfg = Release|Any CPU
		{8DF3A510-B03C-4D94-A94A-0DF2B6FE95D0}.Release|Any CPU.Build.0 = Release|Any CPU
		{D9EF2FDE-7A06-4102-A3A2-BDCD088EED88}.Debug|Any CPU.ActiveCfg = Debug|Any CPU
		{D9EF2FDE-7A06-4102-A3A2-BDCD088EED88}.Debug|Any CPU.Build.0 = Debug|Any CPU
		{D9EF2FDE-7A06-4102-A3A2-BDCD088EED88}.Release|Any CPU.ActiveCfg = Release|Any CPU
		{D9EF2FDE-7A06-4102-A3A2-BDCD088EED88}.Release|Any CPU.Build.0 = Release|Any CPU
		{0505B591-CBFA-4782-819D-172D011488A9}.Debug|Any CPU.ActiveCfg = Debug|Any CPU
		{0505B591-CBFA-4782-819D-172D011488A9}.Debug|Any CPU.Build.0 = Debug|Any CPU
		{0505B591-CBFA-4782-819D-172D011488A9}.Release|Any CPU.ActiveCfg = Release|Any CPU
		{0505B591-CBFA-4782-819D-172D011488A9}.Release|Any CPU.Build.0 = Release|Any CPU
	EndGlobalSection
	GlobalSection(SolutionProperties) = preSolution
		HideSolutionNode = FALSE
	EndGlobalSection
	GlobalSection(ExtensibilityGlobals) = postSolution
		SolutionGuid = {F851E529-68B4-4BC8-BAD2-5F7C583CD9EB}
	EndGlobalSection
EndGlobal
